
Microsoft Visual Studio Solution File, Format Version 12.00
# Visual Studio Version 17
VisualStudioVersion = 17.0.31903.59
MinimumVisualStudioVersion = 10.0.40219.1
Project("{2150E333-8FDC-42A3-9474-1A3956D46DE8}") = "src", "src", "{827E0CD3-B72D-47B6-A68D-7590B98EB39B}"
EndProject
Project("{FAE04EC0-301F-11D3-BF4B-00C04F79EFBC}") = "Blacklabel.Domain", "src\Blacklabel.Domain\Blacklabel.Domain.csproj", "{CEFA4404-A4CB-4E4A-84BE-5429F556AC83}"
EndProject
Project("{FAE04EC0-301F-11D3-BF4B-00C04F79EFBC}") = "Blacklabel.Application", "src\Blacklabel.Application\Blacklabel.Application.csproj", "{FE4B024E-7A8A-4DA0-8C25-87C0D7E71116}"
EndProject
Project("{FAE04EC0-301F-11D3-BF4B-00C04F79EFBC}") = "Blacklabel.Infrastructure", "src\Blacklabel.Infrastructure\Blacklabel.Infrastructure.csproj", "{1ABDDC74-FC14-42EC-BA9D-0C5A9BDD1FE2}"
EndProject
Project("{FAE04EC0-301F-11D3-BF4B-00C04F79EFBC}") = "Blacklabel.Api", "src\Blacklabel.Api\Blacklabel.Api.csproj", "{9FB3E211-2E21-4AAA-AEDA-1CE416562B30}"
EndProject
Project("{FAE04EC0-301F-11D3-BF4B-00C04F79EFBC}") = "Blacklabel.Tests", "tests\Blacklabel.Tests\Blacklabel.Tests.csproj", "{6C788D33-F69E-4E7E-A1F5-6DC351B276FD}"
EndProject
Project("{2150E333-8FDC-42A3-9474-1A3956D46DE8}") = "tools", "tools", "{07C2787E-EAC7-C090-1BA3-A61EC2A24D84}"
EndProject
Project("{FAE04EC0-301F-11D3-BF4B-00C04F79EFBC}") = "OffImporter", "tools\OffImporter\OffImporter.csproj", "{78AD563F-E5D4-452D-8183-FFAE4DD5E910}"
EndProject
Global
	GlobalSection(SolutionConfigurationPlatforms) = preSolution
		Debug|Any CPU = Debug|Any CPU
		Debug|x64 = Debug|x64
		Debug|x86 = Debug|x86
		Release|Any CPU = Release|Any CPU
		Release|x64 = Release|x64
		Release|x86 = Release|x86
	EndGlobalSection
	GlobalSection(ProjectConfigurationPlatforms) = postSolution
		{CEFA4404-A4CB-4E4A-84BE-5429F556AC83}.Debug|Any CPU.ActiveCfg = Debug|Any CPU
		{CEFA4404-A4CB-4E4A-84BE-5429F556AC83}.Debug|Any CPU.Build.0 = Debug|Any CPU
		{CEFA4404-A4CB-4E4A-84BE-5429F556AC83}.Debug|x64.ActiveCfg = Debug|Any CPU
		{CEFA4404-A4CB-4E4A-84BE-5429F556AC83}.Debug|x64.Build.0 = Debug|Any CPU
		{CEFA4404-A4CB-4E4A-84BE-5429F556AC83}.Debug|x86.ActiveCfg = Debug|Any CPU
		{CEFA4404-A4CB-4E4A-84BE-5429F556AC83}.Debug|x86.Build.0 = Debug|Any CPU
		{CEFA4404-A4CB-4E4A-84BE-5429F556AC83}.Release|Any CPU.ActiveCfg = Release|Any CPU
		{CEFA4404-A4CB-4E4A-84BE-5429F556AC83}.Release|Any CPU.Build.0 = Release|Any CPU
		{CEFA4404-A4CB-4E4A-84BE-5429F556AC83}.Release|x64.ActiveCfg = Release|Any CPU
		{CEFA4404-A4CB-4E4A-84BE-5429F556AC83}.Release|x64.Build.0 = Release|Any CPU
		{CEFA4404-A4CB-4E4A-84BE-5429F556AC83}.Release|x86.ActiveCfg = Release|Any CPU
		{CEFA4404-A4CB-4E4A-84BE-5429F556AC83}.Release|x86.Build.0 = Release|Any CPU
		{FE4B024E-7A8A-4DA0-8C25-87C0D7E71116}.Debug|Any CPU.ActiveCfg = Debug|Any CPU
		{FE4B024E-7A8A-4DA0-8C25-87C0D7E71116}.Debug|Any CPU.Build.0 = Debug|Any CPU
		{FE4B024E-7A8A-4DA0-8C25-87C0D7E71116}.Debug|x64.ActiveCfg = Debug|Any CPU
		{FE4B024E-7A8A-4DA0-8C25-87C0D7E71116}.Debug|x64.Build.0 = Debug|Any CPU
		{FE4B024E-7A8A-4DA0-8C25-87C0D7E71116}.Debug|x86.ActiveCfg = Debug|Any CPU
		{FE4B024E-7A8A-4DA0-8C25-87C0D7E71116}.Debug|x86.Build.0 = Debug|Any CPU
		{FE4B024E-7A8A-4DA0-8C25-87C0D7E71116}.Release|Any CPU.ActiveCfg = Release|Any CPU
		{FE4B024E-7A8A-4DA0-8C25-87C0D7E71116}.Release|Any CPU.Build.0 = Release|Any CPU
		{FE4B024E-7A8A-4DA0-8C25-87C0D7E71116}.Release|x64.ActiveCfg = Release|Any CPU
		{FE4B024E-7A8A-4DA0-8C25-87C0D7E71116}.Release|x64.Build.0 = Release|Any CPU
		{FE4B024E-7A8A-4DA0-8C25-87C0D7E71116}.Release|x86.ActiveCfg = Release|Any CPU
		{FE4B024E-7A8A-4DA0-8C25-87C0D7E71116}.Release|x86.Build.0 = Release|Any CPU
		{1ABDDC74-FC14-42EC-BA9D-0C5A9BDD1FE2}.Debug|Any CPU.ActiveCfg = Debug|Any CPU
		{1ABDDC74-FC14-42EC-BA9D-0C5A9BDD1FE2}.Debug|Any CPU.Build.0 = Debug|Any CPU
		{1ABDDC74-FC14-42EC-BA9D-0C5A9BDD1FE2}.Debug|x64.ActiveCfg = Debug|Any CPU
		{1ABDDC74-FC14-42EC-BA9D-0C5A9BDD1FE2}.Debug|x64.Build.0 = Debug|Any CPU
		{1ABDDC74-FC14-42EC-BA9D-0C5A9BDD1FE2}.Debug|x86.ActiveCfg = Debug|Any CPU
		{1ABDDC74-FC14-42EC-BA9D-0C5A9BDD1FE2}.Debug|x86.Build.0 = Debug|Any CPU
		{1ABDDC74-FC14-42EC-BA9D-0C5A9BDD1FE2}.Release|Any CPU.ActiveCfg = Release|Any CPU
		{1ABDDC74-FC14-42EC-BA9D-0C5A9BDD1FE2}.Release|Any CPU.Build.0 = Release|Any CPU
		{1ABDDC74-FC14-42EC-BA9D-0C5A9BDD1FE2}.Release|x64.ActiveCfg = Release|Any CPU
		{1ABDDC74-FC14-42EC-BA9D-0C5A9BDD1FE2}.Release|x64.Build.0 = Release|Any CPU
		{1ABDDC74-FC14-42EC-BA9D-0C5A9BDD1FE2}.Release|x86.ActiveCfg = Release|Any CPU
		{1ABDDC74-FC14-42EC-BA9D-0C5A9BDD1FE2}.Release|x86.Build.0 = Release|Any CPU
		{9FB3E211-2E21-4AAA-AEDA-1CE416562B30}.Debug|Any CPU.ActiveCfg = Debug|Any CPU
		{9FB3E211-2E21-4AAA-AEDA-1CE416562B30}.Debug|Any CPU.Build.0 = Debug|Any CPU
		{9FB3E211-2E21-4AAA-AEDA-1CE416562B30}.Debug|x64.ActiveCfg = Debug|Any CPU
		{9FB3E211-2E21-4AAA-AEDA-1CE416562B30}.Debug|x64.Build.0 = Debug|Any CPU
		{9FB3E211-2E21-4AAA-AEDA-1CE416562B30}.Debug|x86.ActiveCfg = Debug|Any CPU
		{9FB3E211-2E21-4AAA-AEDA-1CE416562B30}.Debug|x86.Build.0 = Debug|Any CPU
		{9FB3E211-2E21-4AAA-AEDA-1CE416562B30}.Release|Any CPU.ActiveCfg = Release|Any CPU
		{9FB3E211-2E21-4AAA-AEDA-1CE416562B30}.Release|Any CPU.Build.0 = Release|Any CPU
		{9FB3E211-2E21-4AAA-AEDA-1CE416562B30}.Release|x64.ActiveCfg = Release|Any CPU
		{9FB3E211-2E21-4AAA-AEDA-1CE416562B30}.Release|x64.Build.0 = Release|Any CPU
		{9FB3E211-2E21-4AAA-AEDA-1CE416562B30}.Release|x86.ActiveCfg = Release|Any CPU
		{9FB3E211-2E21-4AAA-AEDA-1CE416562B30}.Release|x86.Build.0 = Release|Any CPU
		{6C788D33-F69E-4E7E-A1F5-6DC351B276FD}.Debug|Any CPU.ActiveCfg = Debug|Any CPU
		{6C788D33-F69E-4E7E-A1F5-6DC351B276FD}.Debug|Any CPU.Build.0 = Debug|Any CPU
		{6C788D33-F69E-4E7E-A1F5-6DC351B276FD}.Debug|x64.ActiveCfg = Debug|Any CPU
		{6C788D33-F69E-4E7E-A1F5-6DC351B276FD}.Debug|x64.Build.0 = Debug|Any CPU
		{6C788D33-F69E-4E7E-A1F5-6DC351B276FD}.Debug|x86.ActiveCfg = Debug|Any CPU
		{6C788D33-F69E-4E7E-A1F5-6DC351B276FD}.Debug|x86.Build.0 = Debug|Any CPU
		{6C788D33-F69E-4E7E-A1F5-6DC351B276FD}.Release|Any CPU.ActiveCfg = Release|Any CPU
		{6C788D33-F69E-4E7E-A1F5-6DC351B276FD}.Release|Any CPU.Build.0 = Release|Any CPU
		{6C788D33-F69E-4E7E-A1F5-6DC351B276FD}.Release|x64.ActiveCfg = Release|Any CPU
		{6C788D33-F69E-4E7E-A1F5-6DC351B276FD}.Release|x64.Build.0 = Release|Any CPU
		{6C788D33-F69E-4E7E-A1F5-6DC351B276FD}.Release|x86.ActiveCfg = Release|Any CPU
		{6C788D33-F69E-4E7E-A1F5-6DC351B276FD}.Release|x86.Build.0 = Release|Any CPU
		{78AD563F-E5D4-452D-8183-FFAE4DD5E910}.Debug|Any CPU.ActiveCfg = Debug|Any CPU
		{78AD563F-E5D4-452D-8183-FFAE4DD5E910}.Debug|Any CPU.Build.0 = Debug|Any CPU
		{78AD563F-E5D4-452D-8183-FFAE4DD5E910}.Debug|x64.ActiveCfg = Debug|Any CPU
		{78AD563F-E5D4-452D-8183-FFAE4DD5E910}.Debug|x64.Build.0 = Debug|Any CPU
		{78AD563F-E5D4-452D-8183-FFAE4DD5E910}.Debug|x86.ActiveCfg = Debug|Any CPU
		{78AD563F-E5D4-452D-8183-FFAE4DD5E910}.Debug|x86.Build.0 = Debug|Any CPU
		{78AD563F-E5D4-452D-8183-FFAE4DD5E910}.Release|Any CPU.ActiveCfg = Release|Any CPU
		{78AD563F-E5D4-452D-8183-FFAE4DD5E910}.Release|Any CPU.Build.0 = Release|Any CPU
		{78AD563F-E5D4-452D-8183-FFAE4DD5E910}.Release|x64.ActiveCfg = Release|Any CPU
		{78AD563F-E5D4-452D-8183-FFAE4DD5E910}.Release|x64.Build.0 = Release|Any CPU
		{78AD563F-E5D4-452D-8183-FFAE4DD5E910}.Release|x86.ActiveCfg = Release|Any CPU
		{78AD563F-E5D4-452D-8183-FFAE4DD5E910}.Release|x86.Build.0 = Release|Any CPU
	EndGlobalSection
	GlobalSection(SolutionProperties) = preSolution
		HideSolutionNode = FALSE
	EndGlobalSection
	GlobalSection(NestedProjects) = preSolution
		{CEFA4404-A4CB-4E4A-84BE-5429F556AC83} = {827E0CD3-B72D-47B6-A68D-7590B98EB39B}
		{FE4B024E-7A8A-4DA0-8C25-87C0D7E71116} = {827E0CD3-B72D-47B6-A68D-7590B98EB39B}
		{1ABDDC74-FC14-42EC-BA9D-0C5A9BDD1FE2} = {827E0CD3-B72D-47B6-A68D-7590B98EB39B}
		{9FB3E211-2E21-4AAA-AEDA-1CE416562B30} = {827E0CD3-B72D-47B6-A68D-7590B98EB39B}
		{6C788D33-F69E-4E7E-A1F5-6DC351B276FD} = {827E0CD3-B72D-47B6-A68D-7590B98EB39B}
		{78AD563F-E5D4-452D-8183-FFAE4DD5E910} = {07C2787E-EAC7-C090-1BA3-A61EC2A24D84}
	EndGlobalSection
EndGlobal
